github.com/google/gousb v1.1.0 h1:s/970WE1z968MC+dtWbuxDHCcx9kwANQo6UcZtfTfx0=
github.com/google/gousb v1.1.0/go.mod h1:Tl4HdAs1ThE3gECkNwz+1MWicX6FXddhJEw7L8jRDiI=
github.com/pbnjay/pixfont v0.0.0-20200714042608-33b744692567 h1:pKjmNHL7BCXhgsnSlN6Ov3WAN2jbJMCx6IvrMN9GNfc=
github.com/pbnjay/pixfont v0.0.0-20200714042608-33b744692567/go.mod h1:ytYavTmrpWG4s7UOfDhP6m4ASL5XA66nrOcUn1e2M78=
golang.org/x/image v0.0.0-20201208152932-35266b937fa6 h1:nfeHNc1nAqecKCy2FCy4HY+soOOe5sDLJ/gZLbx6GYI=
golang.org/x/image v0.0.0-20201208152932-35266b937fa6/go.mod h1:FeLwcggjj3mMvU+oOTbSwawSJRM1uh48EjtB4UJZlP0=
golang.org/x/text v0.3.0/go.mod h1:NqM8EUOU14njkJ3fqMW+pc6Ldnwhi/IjpwHt7yyuwOQ=
